
Microsoft Visual Studio Solution File, Format Version 12.00
# Visual Studio Version 16
VisualStudioVersion = 16.0.29209.62
MinimumVisualStudioVersion = 10.0.40219.1
Project("{FAE04EC0-301F-11D3-BF4B-00C04F79EFBC}") = "WebApp", "WebApp\WebApp.csproj", "{7825A269-19AD-4220-97F0-E1C586F6A525}"
EndProject
Project("{FAE04EC0-301F-11D3-BF4B-00C04F79EFBC}") = "DemoSystem", "DemoSystem\DemoSystem.csproj", "{1862E77C-FF5C-4853-84AF-6D7D328F2800}"
EndProject
Global
	GlobalSection(SolutionConfigurationPlatforms) = preSolution
		Debug|Any CPU = Debug|Any CPU
		Release|Any CPU = Release|Any CPU
	EndGlobalSection
	GlobalSection(ProjectConfigurationPlatforms) = postSolution
		{7825A269-19AD-4220-97F0-E1C586F6A525}.Debug|Any CPU.ActiveCfg = Debug|Any CPU
		{7825A269-19AD-4220-97F0-E1C586F6A525}.Debug|Any CPU.Build.0 = Debug|Any CPU
		{7825A269-19AD-4220-97F0-E1C586F6A525}.Release|Any CPU.ActiveCfg = Release|Any CPU
		{7825A269-19AD-4220-97F0-E1C586F6A525}.Release|Any CPU.Build.0 = Release|Any CPU
		{1862E77C-FF5C-4853-84AF-6D7D328F2800}.Debug|Any CPU.ActiveCfg = Debug|Any CPU
		{1862E77C-FF5C-4853-84AF-6D7D328F2800}.Debug|Any CPU.Build.0 = Debug|Any CPU
		{1862E77C-FF5C-4853-84AF-6D7D328F2800}.Release|Any CPU.ActiveCfg = Release|Any CPU
		{1862E77C-FF5C-4853-84AF-6D7D328F2800}.Release|Any CPU.Build.0 = Release|Any CPU
	EndGlobalSection
	GlobalSection(SolutionProperties) = preSolution
		HideSolutionNode = FALSE
	EndGlobalSection
	GlobalSection(ExtensibilityGlobals) = postSolution
		SolutionGuid = {D9609A56-3623-45B1-BF9A-025E085886E9}
	EndGlobalSection
EndGlobal
